
Microsoft Visual Studio Solution File, Format Version 12.00
# Visual Studio Version 17
VisualStudioVersion = 17.11.35312.102
MinimumVisualStudioVersion = 10.0.40219.1
Project("{9A19103F-16F7-4668-BE54-9A1E7A4F7556}") = "FormFPYserialNumbers", "FormFPYserialNumbers\FormFPYserialNumbers.csproj", "{B23485F3-F74C-47D6-BBEB-DEFD13106830}"
EndProject
Global
	GlobalSection(SolutionConfigurationPlatforms) = preSolution
		Debug|Any CPU = Debug|Any CPU
		Release|Any CPU = Release|Any CPU
	EndGlobalSection
	GlobalSection(ProjectConfigurationPlatforms) = postSolution
		{B23485F3-F74C-47D6-BBEB-DEFD13106830}.Debug|Any CPU.ActiveCfg = Debug|Any CPU
		{B23485F3-F74C-47D6-BBEB-DEFD13106830}.Debug|Any CPU.Build.0 = Debug|Any CPU
		{B23485F3-F74C-47D6-BBEB-DEFD13106830}.Release|Any CPU.ActiveCfg = Release|Any CPU
		{B23485F3-F74C-47D6-BBEB-DEFD13106830}.Release|Any CPU.Build.0 = Release|Any CPU
	EndGlobalSection
	GlobalSection(SolutionProperties) = preSolution
		HideSolutionNode = FALSE
	EndGlobalSection
	GlobalSection(ExtensibilityGlobals) = postSolution
		SolutionGuid = {DC47ADD4-5802-4075-B50C-C8BCBDD80913}
	EndGlobalSection
EndGlobal
